{
  "name": "rest-api-tutorial",
  "version": "1.0.0",
  "lockfileVersion": 1,
  "requires": true,
  "dependencies": {
    "node-module": {
      "version": "1.0.1",
      "resolved": "https://registry.npmjs.org/node-module/-/node-module-1.0.1.tgz",
      "integrity": "sha1-02Y7Se6UTC8pS/GCsabp6q6YEXk="
    }
  }
}
